// !$*UTF8*$!
{
	archiveVersion = 1;
	classes = {
	};
	objectVersion = 77;
	objects = {

/* Begin PBXContainerItemProxy section */
		A50AA1A72D7CC1B70010D630 /* PBXContainerItemProxy */ = {
			isa = PBXContainerItemProxy;
			containerPortal = A50AA18E2D7CC1B60010D630 /* Project object */;
			proxyType = 1;
			remoteGlobalIDString = A50AA1952D7CC1B60010D630;
			remoteInfo = StarWarsTask;
		};
		A50AA1B12D7CC1B70010D630 /* PBXContainerItemProxy */ = {
			isa = PBXContainerItemProxy;
			containerPortal = A50AA18E2D7CC1B60010D630 /* Project object */;
			proxyType = 1;
			remoteGlobalIDString = A50AA1952D7CC1B60010D630;
			remoteInfo = StarWarsTask;
		};
/* End PBXContainerItemProxy section */

/* Begin PBXFileReference section */
		A50AA1962D7CC1B60010D630 /* StarWarsTask.app */ = {isa = PBXFileReference; explicitFileType = wrapper.application; includeInIndex = 0; path = StarWarsTask.app; sourceTree = BUILT_PRODUCTS_DIR; };
		A50AA1A62D7CC1B70010D630 /* StarWarsTaskTests.xctest */ = {isa = PBXFileReference; explicitFileType = wrapper.cfbundle; includeInIndex = 0; path = StarWarsTaskTests.xctest; sourceTree = BUILT_PRODUCTS_DIR; };
		A50AA1B02D7CC1B70010D630 /* StarWarsTaskUITests.xctest */ = {isa = PBXFileReference; explicitFileType = wrapper.cfbundle; includeInIndex = 0; path = StarWarsTaskUITests.xctest; sourceTree = BUILT_PRODUCTS_DIR; };
/* End PBXFileReference section */

/* Begin PBXFileSystemSynchronizedBuildFileExceptionSet section */
		A5F4D30A2D7DB17600F1EC08 /* Exceptions for "StarWarsTask" folder in "StarWarsTask" target */ = {
			isa = PBXFileSystemSynchronizedBuildFileExceptionSet;
			membershipExceptions = (
				Resources/Info.plist,
			);
			target = A50AA1952D7CC1B60010D630 /* StarWarsTask */;
		};
/* End PBXFileSystemSynchronizedBuildFileExceptionSet section */

/* Begin PBXFileSystemSynchronizedRootGroup section */
		A50AA1982D7CC1B60010D630 /* StarWarsTask */ = {
			isa = PBXFileSystemSynchronizedRootGroup;
			exceptions = (
				A5F4D30A2D7DB17600F1EC08 /* Exceptions for "StarWarsTask" folder in "StarWarsTask" target */,
			);
			path = StarWarsTask;
			sourceTree = "<group>";
		};
		A50AA1A92D7CC1B70010D630 /* StarWarsTaskTests */ = {
			isa = PBXFileSystemSynchronizedRootGroup;
			path = StarWarsTaskTests;
			sourceTree = "<group>";
		};
		A50AA1B32D7CC1B70010D630 /* StarWarsTaskUITests */ = {
			isa = PBXFileSystemSynchronizedRootGroup;
			path = StarWarsTaskUITests;
			sourceTree = "<group>";
		};
/* End PBXFileSystemSynchronizedRootGroup section */

/* Begin PBXFrameworksBuildPhase section */
		A50AA1932D7CC1B60010D630 /* Frameworks */ = {
			isa = PBXFrameworksBuildPhase;
			buildActionMask = 2147483647;
			files = (
			);
			runOnlyForDeploymentPostprocessing = 0;
		};
		A50AA1A32D7CC1B70010D630 /* Frameworks */ = {
			isa = PBXFrameworksBuildPhase;
			buildActionMask = 2147483647;
			files = (
			);
			runOnlyForDeploymentPostprocessing = 0;
		};
		A50AA1AD2D7CC1B70010D630 /* Frameworks */ = {
			isa = PBXFrameworksBuildPhase;
			buildActionMask = 2147483647;
			files = (
			);
			runOnlyForDeploymentPostprocessing = 0;
		};
/* End PBXFrameworksBuildPhase section */

/* Begin PBXGroup section */
		A50AA18D2D7CC1B60010D630 = {
			isa = PBXGroup;
			children = (
				A50AA1982D7CC1B60010D630 /* StarWarsTask */,
				A50AA1A92D7CC1B70010D630 /* StarWarsTaskTests */,
				A50AA1B32D7CC1B70010D630 /* StarWarsTaskUITests */,
				A50AA1972D7CC1B60010D630 /* Products */,
			);
			sourceTree = "<group>";
		};
		A50AA1972D7CC1B60010D630 /* Products */ = {
			isa = PBXGroup;
			children = (
				A50AA1962D7CC1B60010D630 /* StarWarsTask.app */,
				A50AA1A62D7CC1B70010D630 /* StarWarsTaskTests.xctest */,
				A50AA1B02D7CC1B70010D630 /* StarWarsTaskUITests.xctest */,
			);
			name = Products;
			sourceTree = "<group>";
		};
/* End PBXGroup section */

/* Begin PBXNativeTarget section */
		A50AA1952D7CC1B60010D630 /* StarWarsTask */ = {
			isa = PBXNativeTarget;
			buildConfigurationList = A50AA1BA2D7CC1B70010D630 /* Build configuration list for PBXNativeTarget "StarWarsTask" */;
			buildPhases = (
				A50AA1922D7CC1B60010D630 /* Sources */,
				A50AA1932D7CC1B60010D630 /* Frameworks */,
				A50AA1942D7CC1B60010D630 /* Resources */,
			);
			buildRules = (
			);
			dependencies = (
			);
			fileSystemSynchronizedGroups = (
				A50AA1982D7CC1B60010D630 /* StarWarsTask */,
			);
			name = StarWarsTask;
			packageProductDependencies = (
			);
			productName = StarWarsTask;
			productReference = A50AA1962D7CC1B60010D630 /* StarWarsTask.app */;
			productType = "com.apple.product-type.application";
		};
		A50AA1A52D7CC1B70010D630 /* StarWarsTaskTests */ = {
			isa = PBXNativeTarget;
			buildConfigurationList = A50AA1BD2D7CC1B70010D630 /* Build configuration list for PBXNativeTarget "StarWarsTaskTests" */;
			buildPhases = (
				A50AA1A22D7CC1B70010D630 /* Sources */,
				A50AA1A32D7CC1B70010D630 /* Frameworks */,
				A50AA1A42D7CC1B70010D630 /* Resources */,
			);
			buildRules = (
			);
			dependencies = (
				A50AA1A82D7CC1B70010D630 /* PBXTargetDependency */,
			);
			fileSystemSynchronizedGroups = (
				A50AA1A92D7CC1B70010D630 /* StarWarsTaskTests */,
			);
			name = StarWarsTaskTests;
			packageProductDependencies = (
			);
			productName = StarWarsTaskTests;
			productReference = A50AA1A62D7CC1B70010D630 /* StarWarsTaskTests.xctest */;
			productType = "com.apple.product-type.bundle.unit-test";
		};
		A50AA1AF2D7CC1B70010D630 /* StarWarsTaskUITests */ = {
			isa = PBXNativeTarget;
			buildConfigurationList = A50AA1C02D7CC1B70010D630 /* Build configuration list for PBXNativeTarget "StarWarsTaskUITests" */;
			buildPhases = (
				A50AA1AC2D7CC1B70010D630 /* Sources */,
				A50AA1AD2D7CC1B70010D630 /* Frameworks */,
				A50AA1AE2D7CC1B70010D630 /* Resources */,
			);
			buildRules = (
			);
			dependencies = (
				A50AA1B22D7CC1B70010D630 /* PBXTargetDependency */,
			);
			fileSystemSynchronizedGroups = (
				A50AA1B32D7CC1B70010D630 /* StarWarsTaskUITests */,
			);
			name = StarWarsTaskUITests;
			packageProductDependencies = (
			);
			productName = StarWarsTaskUITests;
			productReference = A50AA1B02D7CC1B70010D630 /* StarWarsTaskUITests.xctest */;
			productType = "com.apple.product-type.bundle.ui-testing";
		};
/* End PBXNativeTarget section */

/* Begin PBXProject section */
		A50AA18E2D7CC1B60010D630 /* Project object */ = {
			isa = PBXProject;
			attributes = {
				BuildIndependentTargetsInParallel = 1;
				LastSwiftUpdateCheck = 1620;
				LastUpgradeCheck = 1620;
				TargetAttributes = {
					A50AA1952D7CC1B60010D630 = {
						CreatedOnToolsVersion = 16.2;
					};
					A50AA1A52D7CC1B70010D630 = {
						CreatedOnToolsVersion = 16.2;
						TestTargetID = A50AA1952D7CC1B60010D630;
					};
					A50AA1AF2D7CC1B70010D630 = {
						CreatedOnToolsVersion = 16.2;
						TestTargetID = A50AA1952D7CC1B60010D630;
					};
				};
			};
			buildConfigurationList = A50AA1912D7CC1B60010D630 /* Build configuration list for PBXProject "StarWarsTask" */;
			developmentRegion = en;
			hasScannedForEncodings = 0;
			knownRegions = (
				en,
				Base,
			);
			mainGroup = A50AA18D2D7CC1B60010D630;
			minimizedProjectReferenceProxies = 1;
			preferredProjectObjectVersion = 77;
			productRefGroup = A50AA1972D7CC1B60010D630 /* Products */;
			projectDirPath = "";
			projectRoot = "";
			targets = (
				A50AA1952D7CC1B60010D630 /* StarWarsTask */,
				A50AA1A52D7CC1B70010D630 /* StarWarsTaskTests */,
				A50AA1AF2D7CC1B70010D630 /* StarWarsTaskUITests */,
			);
		};
/* End PBXProject section */

/* Begin PBXResourcesBuildPhase section */
		A50AA1942D7CC1B60010D630 /* Resources */ = {
			isa = PBXResourcesBuildPhase;
			buildActionMask = 2147483647;
			files = (
			);
			runOnlyForDeploymentPostprocessing = 0;
		};
		A50AA1A42D7CC1B70010D630 /* Resources */ = {
			isa = PBXResourcesBuildPhase;
			buildActionMask = 2147483647;
			files = (
			);
			runOnlyForDeploymentPostprocessing = 0;
		};
		A50AA1AE2D7CC1B70010D630 /* Resources */ = {
			isa = PBXResourcesBuildPhase;
			buildActionMask = 2147483647;
			files = (
			);
			runOnlyForDeploymentPostprocessing = 0;
		};
/* End PBXResourcesBuildPhase section */

/* Begin PBXSourcesBuildPhase section */
		A50AA1922D7CC1B60010D630 /* Sources */ = {
			isa = PBXSourcesBuildPhase;
			buildActionMask = 2147483647;
			files = (
			);
			runOnlyForDeploymentPostprocessing = 0;
		};
		A50AA1A22D7CC1B70010D630 /* Sources */ = {
			isa = PBXSourcesBuildPhase;
			buildActionMask = 2147483647;
			files = (
			);
			runOnlyForDeploymentPostprocessing = 0;
		};
		A50AA1AC2D7CC1B70010D630 /* Sources */ = {
			isa = PBXSourcesBuildPhase;
			buildActionMask = 2147483647;
			files = (
			);
			runOnlyForDeploymentPostprocessing = 0;
		};
/* End PBXSourcesBuildPhase section */

/* Begin PBXTargetDependency section */
		A50AA1A82D7CC1B70010D630 /* PBXTargetDependency */ = {
			isa = PBXTargetDependency;
			target = A50AA1952D7CC1B60010D630 /* StarWarsTask */;
			targetProxy = A50AA1A72D7CC1B70010D630 /* PBXContainerItemProxy */;
		};
		A50AA1B22D7CC1B70010D630 /* PBXTargetDependency */ = {
			isa = PBXTargetDependency;
			target = A50AA1952D7CC1B60010D630 /* StarWarsTask */;
			targetProxy = A50AA1B12D7CC1B70010D630 /* PBXContainerItemProxy */;
		};
/* End PBXTargetDependency section */

/* Begin XCBuildConfiguration section */
		A50AA1B82D7CC1B70010D630 /* Debug */ = {
			isa = XCBuildConfiguration;
			buildSettings = {
				ALWAYS_SEARCH_USER_PATHS = NO;
				ASSETCATALOG_COMPILER_GENERATE_SWIFT_ASSET_SYMBOL_EXTENSIONS = YES;
				CLANG_ANALYZER_NONNULL = YES;
				CLANG_ANALYZER_NUMBER_OBJECT_CONVERSION = YES_AGGRESSIVE;
				CLANG_CXX_LANGUAGE_STANDARD = "gnu++20";
				CLANG_ENABLE_MODULES = YES;
				CLANG_ENABLE_OBJC_ARC = YES;
				CLANG_ENABLE_OBJC_WEAK = YES;
				CLANG_WARN_BLOCK_CAPTURE_AUTORELEASING = YES;
				CLANG_WARN_BOOL_CONVERSION = YES;
				CLANG_WARN_COMMA = YES;
				CLANG_WARN_CONSTANT_CONVERSION = YES;
				CLANG_WARN_DEPRECATED_OBJC_IMPLEMENTATIONS = YES;
				CLANG_WARN_DIRECT_OBJC_ISA_USAGE = YES_ERROR;
				CLANG_WARN_DOCUMENTATION_COMMENTS = YES;
				CLANG_WARN_EMPTY_BODY = YES;
				CLANG_WARN_ENUM_CONVERSION = YES;
				CLANG_WARN_INFINITE_RECURSION = YES;
				CLANG_WARN_INT_CONVERSION = YES;
				CLANG_WARN_NON_LITERAL_NULL_CONVERSION = YES;
				CLANG_WARN_OBJC_IMPLICIT_RETAIN_SELF = YES;
				CLANG_WARN_OBJC_LITERAL_CONVERSION = YES;
				CLANG_WARN_OBJC_ROOT_CLASS = YES_ERROR;
				CLANG_WARN_QUOTED_INCLUDE_IN_FRAMEWORK_HEADER = YES;
				CLANG_WARN_RANGE_LOOP_ANALYSIS = YES;
				CLANG_WARN_STRICT_PROTOTYPES = YES;
				CLANG_WARN_SUSPICIOUS_MOVE = YES;
				CLANG_WARN_UNGUARDED_AVAILABILITY = YES_AGGRESSIVE;
				CLANG_WARN_UNREACHABLE_CODE = YES;
				CLANG_WARN__DUPLICATE_METHOD_MATCH = YES;
				COPY_PHASE_STRIP = NO;
				DEBUG_INFORMATION_FORMAT = dwarf;
				ENABLE_STRICT_OBJC_MSGSEND = YES;
				ENABLE_TESTABILITY = YES;
				ENABLE_USER_SCRIPT_SANDBOXING = YES;
				GCC_C_LANGUAGE_STANDARD = gnu17;
				GCC_DYNAMIC_NO_PIC = NO;
				GCC_NO_COMMON_BLOCKS = YES;
				GCC_OPTIMIZATION_LEVEL = 0;
				GCC_PREPROCESSOR_DEFINITIONS = (
					"DEBUG=1",
					"$(inherited)",
				);
				GCC_WARN_64_TO_32_BIT_CONVERSION = YES;
				GCC_WARN_ABOUT_RETURN_TYPE = YES_ERROR;
				GCC_WARN_UNDECLARED_SELECTOR = YES;
				GCC_WARN_UNINITIALIZED_AUTOS = YES_AGGRESSIVE;
				GCC_WARN_UNUSED_FUNCTION = YES;
				GCC_WARN_UNUSED_VARIABLE = YES;
				IPHONEOS_DEPLOYMENT_TARGET = 17.6;
				LOCALIZATION_PREFERS_STRING_CATALOGS = YES;
				MTL_ENABLE_DEBUG_INFO = INCLUDE_SOURCE;
				MTL_FAST_MATH = YES;
				ONLY_ACTIVE_ARCH = YES;
				SDKROOT = iphoneos;
				SWIFT_ACTIVE_COMPILATION_CONDITIONS = "DEBUG $(inherited)";
				SWIFT_OPTIMIZATION_LEVEL = "-Onone";
			};
			name = Debug;
		};
		A50AA1B92D7CC1B70010D630 /* Release */ = {
			isa = XCBuildConfiguration;
			buildSettings = {
				ALWAYS_SEARCH_USER_PATHS = NO;
				ASSETCATALOG_COMPILER_GENERATE_SWIFT_ASSET_SYMBOL_EXTENSIONS = YES;
				CLANG_ANALYZER_NONNULL = YES;
				CLANG_ANALYZER_NUMBER_OBJECT_CONVERSION = YES_AGGRESSIVE;
				CLANG_CXX_LANGUAGE_STANDARD = "gnu++20";
				CLANG_ENABLE_MODULES = YES;
				CLANG_ENABLE_OBJC_ARC = YES;
				CLANG_ENABLE_OBJC_WEAK = YES;
				CLANG_WARN_BLOCK_CAPTURE_AUTORELEASING = YES;
				CLANG_WARN_BOOL_CONVERSION = YES;
				CLANG_WARN_COMMA = YES;
				CLANG_WARN_CONSTANT_CONVERSION = YES;
				CLANG_WARN_DEPRECATED_OBJC_IMPLEMENTATIONS = YES;
				CLANG_WARN_DIRECT_OBJC_ISA_USAGE = YES_ERROR;
				CLANG_WARN_DOCUMENTATION_COMMENTS = YES;
				CLANG_WARN_EMPTY_BODY = YES;
				CLANG_WARN_ENUM_CONVERSION = YES;
				CLANG_WARN_INFINITE_RECURSION = YES;
				CLANG_WARN_INT_CONVERSION = YES;
				CLANG_WARN_NON_LITERAL_NULL_CONVERSION = YES;
				CLANG_WARN_OBJC_IMPLICIT_RETAIN_SELF = YES;
				CLANG_WARN_OBJC_LITERAL_CONVERSION = YES;
				CLANG_WARN_OBJC_ROOT_CLASS = YES_ERROR;
				CLANG_WARN_QUOTED_INCLUDE_IN_FRAMEWORK_HEADER = YES;
				CLANG_WARN_RANGE_LOOP_ANALYSIS = YES;
				CLANG_WARN_STRICT_PROTOTYPES = YES;
				CLANG_WARN_SUSPICIOUS_MOVE = YES;
				CLANG_WARN_UNGUARDED_AVAILABILITY = YES_AGGRESSIVE;
				CLANG_WARN_UNREACHABLE_CODE = YES;
				CLANG_WARN__DUPLICATE_METHOD_MATCH = YES;
				COPY_PHASE_STRIP = NO;
				DEBUG_INFORMATION_FORMAT = "dwarf-with-dsym";
				ENABLE_NS_ASSERTIONS = NO;
				ENABLE_STRICT_OBJC_MSGSEND = YES;
				ENABLE_USER_SCRIPT_SANDBOXING = YES;
				GCC_C_LANGUAGE_STANDARD = gnu17;
				GCC_NO_COMMON_BLOCKS = YES;
				GCC_WARN_64_TO_32_BIT_CONVERSION = YES;
				GCC_WARN_ABOUT_RETURN_TYPE = YES_ERROR;
				GCC_WARN_UNDECLARED_SELECTOR = YES;
				GCC_WARN_UNINITIALIZED_AUTOS = YES_AGGRESSIVE;
				GCC_WARN_UNUSED_FUNCTION = YES;
				GCC_WARN_UNUSED_VARIABLE = YES;
				IPHONEOS_DEPLOYMENT_TARGET = 17.6;
				LOCALIZATION_PREFERS_STRING_CATALOGS = YES;
				MTL_ENABLE_DEBUG_INFO = NO;
				MTL_FAST_MATH = YES;
				SDKROOT = iphoneos;
				SWIFT_COMPILATION_MODE = wholemodule;
				VALIDATE_PRODUCT = YES;
			};
			name = Release;
		};
		A50AA1BB2D7CC1B70010D630 /* Debug */ = {
			isa = XCBuildConfiguration;
			buildSettings = {
				ASSETCATALOG_COMPILER_APPICON_NAME = AppIcon;
				ASSETCATALOG_COMPILER_GLOBAL_ACCENT_COLOR_NAME = AccentColor;
				CODE_SIGN_STYLE = Automatic;
				CURRENT_PROJECT_VERSION = 1;
				DEVELOPMENT_ASSET_PATHS = "";
				DEVELOPMENT_TEAM = 7SX728UU78;
				ENABLE_PREVIEWS = YES;
				GENERATE_INFOPLIST_FILE = YES;
				INFOPLIST_FILE = StarWarsTask/Resources/Info.plist;
				INFOPLIST_KEY_CFBundleDisplayName = StarWars;
				INFOPLIST_KEY_UIApplicationSceneManifest_Generation = YES;
				INFOPLIST_KEY_UIApplicationSupportsIndirectInputEvents = YES;
				INFOPLIST_KEY_UILaunchStoryboardName = LaunchScreen.storyboard;
				INFOPLIST_KEY_UIRequiresFullScreen = YES;
				INFOPLIST_KEY_UISupportedInterfaceOrientations = UIInterfaceOrientationPortrait;
				LD_RUNPATH_SEARCH_PATHS = (
					"$(inherited)",
					"@executable_path/Frameworks",
				);
				MARKETING_VERSION = 1.0;
				PRODUCT_BUNDLE_IDENTIFIER = ik.sudnik.StarWarsTask;
				PRODUCT_NAME = "$(TARGET_NAME)";
				SWIFT_EMIT_LOC_STRINGS = YES;
				SWIFT_VERSION = 5.0;
				TARGETED_DEVICE_FAMILY = "1,2";
			};
			name = Debug;
		};
		A50AA1BC2D7CC1B70010D630 /* Release */ = {
			isa = XCBuildConfiguration;
			buildSettings = {
				ASSETCATALOG_COMPILER_APPICON_NAME = AppIcon;
				ASSETCATALOG_COMPILER_GLOBAL_ACCENT_COLOR_NAME = AccentColor;
				CODE_SIGN_STYLE = Automatic;
				CURRENT_PROJECT_VERSION = 1;
				DEVELOPMENT_ASSET_PATHS = "";
				DEVELOPMENT_TEAM = 7SX728UU78;
				ENABLE_PREVIEWS = YES;
				GENERATE_INFOPLIST_FILE = YES;
				INFOPLIST_FILE = StarWarsTask/Resources/Info.plist;
				INFOPLIST_KEY_CFBundleDisplayName = StarWars;
				INFOPLIST_KEY_UIApplicationSceneManifest_Generation = YES;
				INFOPLIST_KEY_UIApplicationSupportsIndirectInputEvents = YES;
				INFOPLIST_KEY_UILaunchStoryboardName = LaunchScreen.storyboard;
				INFOPLIST_KEY_UIRequiresFullScreen = YES;
				INFOPLIST_KEY_UISupportedInterfaceOrientations = UIInterfaceOrientationPortrait;
				LD_RUNPATH_SEARCH_PATHS = (
					"$(inherited)",
					"@executable_path/Frameworks",
				);
				MARKETING_VERSION = 1.0;
				PRODUCT_BUNDLE_IDENTIFIER = ik.sudnik.StarWarsTask;
				PRODUCT_NAME = "$(TARGET_NAME)";
				SWIFT_EMIT_LOC_STRINGS = YES;
				SWIFT_VERSION = 5.0;
				TARGETED_DEVICE_FAMILY = "1,2";
			};
			name = Release;
		};
		A50AA1BE2D7CC1B70010D630 /* Debug */ = {
			isa = XCBuildConfiguration;
			buildSettings = {
				BUNDLE_LOADER = "$(TEST_HOST)";
				CODE_SIGN_STYLE = Automatic;
				CURRENT_PROJECT_VERSION = 1;
				GENERATE_INFOPLIST_FILE = YES;
				IPHONEOS_DEPLOYMENT_TARGET = 18.2;
				MARKETING_VERSION = 1.0;
				PRODUCT_BUNDLE_IDENTIFIER = ik.sudnik.StarWarsTaskTests;
				PRODUCT_NAME = "$(TARGET_NAME)";
				SWIFT_EMIT_LOC_STRINGS = NO;
				SWIFT_VERSION = 5.0;
				TARGETED_DEVICE_FAMILY = "1,2";
				TEST_HOST = "$(BUILT_PRODUCTS_DIR)/StarWarsTask.app/$(BUNDLE_EXECUTABLE_FOLDER_PATH)/StarWarsTask";
			};
			name = Debug;
		};
		A50AA1BF2D7CC1B70010D630 /* Release */ = {
			isa = XCBuildConfiguration;
			buildSettings = {
				BUNDLE_LOADER = "$(TEST_HOST)";
				CODE_SIGN_STYLE = Automatic;
				CURRENT_PROJECT_VERSION = 1;
				GENERATE_INFOPLIST_FILE = YES;
				IPHONEOS_DEPLOYMENT_TARGET = 18.2;
				MARKETING_VERSION = 1.0;
				PRODUCT_BUNDLE_IDENTIFIER = ik.sudnik.StarWarsTaskTests;
				PRODUCT_NAME = "$(TARGET_NAME)";
				SWIFT_EMIT_LOC_STRINGS = NO;
				SWIFT_VERSION = 5.0;
				TARGETED_DEVICE_FAMILY = "1,2";
				TEST_HOST = "$(BUILT_PRODUCTS_DIR)/StarWarsTask.app/$(BUNDLE_EXECUTABLE_FOLDER_PATH)/StarWarsTask";
			};
			name = Release;
		};
		A50AA1C12D7CC1B70010D630 /* Debug */ = {
			isa = XCBuildConfiguration;
			buildSettings = {
				CODE_SIGN_STYLE = Automatic;
				CURRENT_PROJECT_VERSION = 1;
				GENERATE_INFOPLIST_FILE = YES;
				MARKETING_VERSION = 1.0;
				PRODUCT_BUNDLE_IDENTIFIER = ik.sudnik.StarWarsTaskUITests;
				PRODUCT_NAME = "$(TARGET_NAME)";
				SWIFT_EMIT_LOC_STRINGS = NO;
				SWIFT_VERSION = 5.0;
				TARGETED_DEVICE_FAMILY = "1,2";
				TEST_TARGET_NAME = StarWarsTask;
			};
			name = Debug;
		};
		A50AA1C22D7CC1B70010D630 /* Release */ = {
			isa = XCBuildConfiguration;
			buildSettings = {
				CODE_SIGN_STYLE = Automatic;
				CURRENT_PROJECT_VERSION = 1;
				GENERATE_INFOPLIST_FILE = YES;
				MARKETING_VERSION = 1.0;
				PRODUCT_BUNDLE_IDENTIFIER = ik.sudnik.StarWarsTaskUITests;
				PRODUCT_NAME = "$(TARGET_NAME)";
				SWIFT_EMIT_LOC_STRINGS = NO;
				SWIFT_VERSION = 5.0;
				TARGETED_DEVICE_FAMILY = "1,2";
				TEST_TARGET_NAME = StarWarsTask;
			};
			name = Release;
		};
/* End XCBuildConfiguration section */

/* Begin XCConfigurationList section */
		A50AA1912D7CC1B60010D630 /* Build configuration list for PBXProject "StarWarsTask" */ = {
			isa = XCConfigurationList;
			buildConfigurations = (
				A50AA1B82D7CC1B70010D630 /* Debug */,
				A50AA1B92D7CC1B70010D630 /* Release */,
			);
			defaultConfigurationIsVisible = 0;
			defaultConfigurationName = Release;
		};
		A50AA1BA2D7CC1B70010D630 /* Build configuration list for PBXNativeTarget "StarWarsTask" */ = {
			isa = XCConfigurationList;
			buildConfigurations = (
				A50AA1BB2D7CC1B70010D630 /* Debug */,
				A50AA1BC2D7CC1B70010D630 /* Release */,
			);
			defaultConfigurationIsVisible = 0;
			defaultConfigurationName = Release;
		};
		A50AA1BD2D7CC1B70010D630 /* Build configuration list for PBXNativeTarget "StarWarsTaskTests" */ = {
			isa = XCConfigurationList;
			buildConfigurations = (
				A50AA1BE2D7CC1B70010D630 /* Debug */,
				A50AA1BF2D7CC1B70010D630 /* Release */,
			);
			defaultConfigurationIsVisible = 0;
			defaultConfigurationName = Release;
		};
		A50AA1C02D7CC1B70010D630 /* Build configuration list for PBXNativeTarget "StarWarsTaskUITests" */ = {
			isa = XCConfigurationList;
			buildConfigurations = (
				A50AA1C12D7CC1B70010D630 /* Debug */,
				A50AA1C22D7CC1B70010D630 /* Release */,
			);
			defaultConfigurationIsVisible = 0;
			defaultConfigurationName = Release;
		};
/* End XCConfigurationList section */
	};
	rootObject = A50AA18E2D7CC1B60010D630 /* Project object */;
}
